
Microsoft Visual Studio Solution File, Format Version 12.00
# Visual Studio 2012
Project("{FAE04EC0-301F-11D3-BF4B-00C04F79EFBC}") = "CtxrProcessor", "CtxrProcessor\CtxrProcessor.csproj", "{4372D3D5-0FCC-41AB-AF94-D57F0828D93A}"
EndProject
Global
	GlobalSection(SolutionConfigurationPlatforms) = preSolution
		Debug|Any CPU = Debug|Any CPU
		Release|Any CPU = Release|Any CPU
	EndGlobalSection
	GlobalSection(ProjectConfigurationPlatforms) = postSolution
		{4372D3D5-0FCC-41AB-AF94-D57F0828D93A}.Debug|Any CPU.ActiveCfg = Debug|Any CPU
		{4372D3D5-0FCC-41AB-AF94-D57F0828D93A}.Debug|Any CPU.Build.0 = Debug|Any CPU
		{4372D3D5-0FCC-41AB-AF94-D57F0828D93A}.Release|Any CPU.ActiveCfg = Release|Any CPU
		{4372D3D5-0FCC-41AB-AF94-D57F0828D93A}.Release|Any CPU.Build.0 = Release|Any CPU
	EndGlobalSection
	GlobalSection(SolutionProperties) = preSolution
		HideSolutionNode = FALSE
	EndGlobalSection
EndGlobal
