
Microsoft Visual Studio Solution File, Format Version 12.00
# Visual Studio 2012
Project("{FAE04EC0-301F-11D3-BF4B-00C04F79EFBC}") = "HexSearch", "HexSearch\HexSearch.csproj", "{329A63AD-F183-4848-B43D-E8AB62900D0C}"
EndProject
Global
	GlobalSection(SolutionConfigurationPlatforms) = preSolution
		Debug|Any CPU = Debug|Any CPU
		Release|Any CPU = Release|Any CPU
	EndGlobalSection
	GlobalSection(ProjectConfigurationPlatforms) = postSolution
		{329A63AD-F183-4848-B43D-E8AB62900D0C}.Debug|Any CPU.ActiveCfg = Debug|Any CPU
		{329A63AD-F183-4848-B43D-E8AB62900D0C}.Debug|Any CPU.Build.0 = Debug|Any CPU
		{329A63AD-F183-4848-B43D-E8AB62900D0C}.Release|Any CPU.ActiveCfg = Release|Any CPU
		{329A63AD-F183-4848-B43D-E8AB62900D0C}.Release|Any CPU.Build.0 = Release|Any CPU
	EndGlobalSection
	GlobalSection(SolutionProperties) = preSolution
		HideSolutionNode = FALSE
	EndGlobalSection
EndGlobal
